<?xml version="1.0" encoding="utf-8"?>
<Project ToolsVersion="4.0" xmlns="http://schemas.microsoft.com/developer/msbuild/2003">
  <ItemGroup>
    <Filter Include="Source Files">
      <UniqueIdentifier>{4FC737F1-C7A5-4376-A066-2A32D752A2FF}</UniqueIdentifier>
      <Extensions>cpp;c;cc;cxx;def;odl;idl;hpj;bat;asm;asmx</Extensions>
    </Filter>
    <Filter Include="Header Files">
      <UniqueIdentifier>{93995380-89BD-4b04-88EB-625FBE52EBFB}</UniqueIdentifier>
      <Extensions>h;hh;hpp;hxx;hm;inl;inc;xsd</Extensions>
    </Filter>
    <Filter Include="Resource Files">
      <UniqueIdentifier>{67DA6AB6-F800-4c08-8B7A-83BB121AAD01}</UniqueIdentifier>
      <Extensions>rc;ico;cur;bmp;dlg;rc2;rct;bin;rgs;gif;jpg;jpeg;jpe;resx;tiff;tif;png;wav;mfcribbon-ms</Extensions>
    </Filter>
    <Filter Include="Header Files\GameStates">
      <UniqueIdentifier>{8c89ca69-0a46-4531-9e9b-16f419a364c4}</UniqueIdentifier>
    </Filter>
    <Filter Include="Header Files\Figures">
      <UniqueIdentifier>{9156db8e-1604-434f-ba93-1c4af2e63d70}</UniqueIdentifier>
    </Filter>
    <Filter Include="Source Files\Figures">
      <UniqueIdentifier>{102a7ca9-58d5-40da-a352-6c14914a5f20}</UniqueIdentifier>
    </Filter>
    <Filter Include="Source Files\Gamestates">
      <UniqueIdentifier>{b5735a3a-0c2b-4424-8c13-60f999ce6d5b}</UniqueIdentifier>
    </Filter>
    <Filter Include="Header Files\Models">
      <UniqueIdentifier>{56c25497-71c9-4250-8443-ad394d29b188}</UniqueIdentifier>
    </Filter>
    <Filter Include="Source Files\Models">
      <UniqueIdentifier>{74db4563-d3b9-4e07-8367-6b57629341b1}</UniqueIdentifier>
    </Filter>
    <Filter Include="Source Files\Util">
      <UniqueIdentifier>{caed6126-3fe6-4eca-a7ae-f73e96786547}</UniqueIdentifier>
    </Filter>
    <Filter Include="Header Files\Util">
      <UniqueIdentifier>{19340403-d8ab-4984-9530-1e76e055f055}</UniqueIdentifier>
    </Filter>
  </ItemGroup>
  <ItemGroup>
    <ClCompile Include="Main.cpp">
      <Filter>Source Files</Filter>
    </ClCompile>
    <ClCompile Include="Cube.cpp">
      <Filter>Source Files\Figures</Filter>
    </ClCompile>
    <ClCompile Include="PlayState.cpp">
      <Filter>Source Files\Gamestates</Filter>
    </ClCompile>
    <ClCompile Include="Model.cpp">
      <Filter>Source Files\Models</Filter>
    </ClCompile>
    <ClCompile Include="Vec3f.cpp">
      <Filter>Source Files\Models</Filter>
    </ClCompile>
    <ClCompile Include="Vec2f.cpp">
      <Filter>Source Files\Models</Filter>
    </ClCompile>
    <ClCompile Include="ModelLoader.cpp">
      <Filter>Source Files\Models</Filter>
    </ClCompile>
    <ClCompile Include="Texture.cpp">
      <Filter>Source Files\Models</Filter>
    </ClCompile>
    <ClCompile Include="TextureLoader.cpp">
      <Filter>Source Files\Models</Filter>
    </ClCompile>
    <ClCompile Include="CubeWithTexture.cpp">
      <Filter>Source Files\Figures</Filter>
    </ClCompile>
    <ClCompile Include="SquareWithTexture.cpp">
      <Filter>Source Files\Figures</Filter>
    </ClCompile>
    <ClCompile Include="Entity.cpp">
      <Filter>Source Files\Figures</Filter>
    </ClCompile>
    <ClCompile Include="Car.cpp">
      <Filter>Source Files\Figures</Filter>
    </ClCompile>
    <ClCompile Include="Camera.cpp">
      <Filter>Source Files\Util</Filter>
    </ClCompile>
    <ClCompile Include="GameStateManager.cpp">
      <Filter>Source Files\Util</Filter>
    </ClCompile>
    <ClCompile Include="Sound.cpp">
      <Filter>Source Files\Util</Filter>
    </ClCompile>
    <ClCompile Include="DrawUtil.cpp">
      <Filter>Source Files\Util</Filter>
    </ClCompile>
  </ItemGroup>
  <ItemGroup>
    <ClInclude Include="stb_image.h">
      <Filter>Header Files</Filter>
    </ClInclude>
    <ClInclude Include="PlayState.h">
      <Filter>Header Files\GameStates</Filter>
    </ClInclude>
    <ClInclude Include="GameState.h">
      <Filter>Header Files\GameStates</Filter>
    </ClInclude>
    <ClInclude Include="Figure.h">
      <Filter>Header Files\Figures</Filter>
    </ClInclude>
    <ClInclude Include="Cube.h">
      <Filter>Header Files\Figures</Filter>
    </ClInclude>
    <ClInclude Include="Model.h">
      <Filter>Header Files\Models</Filter>
    </ClInclude>
    <ClInclude Include="Vec3f.h">
      <Filter>Header Files\Models</Filter>
    </ClInclude>
    <ClInclude Include="Vec2f.h">
      <Filter>Header Files\Models</Filter>
    </ClInclude>
    <ClInclude Include="ModelLoader.h">
      <Filter>Header Files\Models</Filter>
    </ClInclude>
    <ClInclude Include="TextureLoader.h">
      <Filter>Header Files\Models</Filter>
    </ClInclude>
    <ClInclude Include="Texture.h">
      <Filter>Header Files\Models</Filter>
    </ClInclude>
    <ClInclude Include="CubeWithTexture.h">
      <Filter>Header Files\Figures</Filter>
    </ClInclude>
    <ClInclude Include="SquareWithTexture.h">
      <Filter>Header Files\Figures</Filter>
    </ClInclude>
    <ClInclude Include="Entity.h">
      <Filter>Header Files\Figures</Filter>
    </ClInclude>
    <ClInclude Include="Car.h">
      <Filter>Header Files\Figures</Filter>
    </ClInclude>
    <ClInclude Include="DrawUtil.h">
      <Filter>Header Files\Util</Filter>
    </ClInclude>
    <ClInclude Include="Sound.h">
      <Filter>Header Files\Util</Filter>
    </ClInclude>
    <ClInclude Include="GameStateManager.h">
      <Filter>Header Files\Util</Filter>
    </ClInclude>
    <ClInclude Include="Camera.h">
      <Filter>Header Files\Util</Filter>
    </ClInclude>
  </ItemGroup>
  <ItemGroup>
    <Media Include="music\background.wav">
      <Filter>Resource Files</Filter>
    </Media>
  </ItemGroup>
</Project>